
Microsoft Visual Studio Solution File, Format Version 12.00
# Visual Studio 15
VisualStudioVersion = 15.0.27703.2018
MinimumVisualStudioVersion = 10.0.40219.1
Project("{FAE04EC0-301F-11D3-BF4B-00C04F79EFBC}") = "DailyNasaPics", "DailyNasaPics\DailyNasaPics.csproj", "{6EB118D3-399A-4F08-A7BA-250913238AAA}"
EndProject
Global
	GlobalSection(SolutionConfigurationPlatforms) = preSolution
		Debug|Any CPU = Debug|Any CPU
		Release|Any CPU = Release|Any CPU
	EndGlobalSection
	GlobalSection(ProjectConfigurationPlatforms) = postSolution
		{6EB118D3-399A-4F08-A7BA-250913238AAA}.Debug|Any CPU.ActiveCfg = Debug|Any CPU
		{6EB118D3-399A-4F08-A7BA-250913238AAA}.Debug|Any CPU.Build.0 = Debug|Any CPU
		{6EB118D3-399A-4F08-A7BA-250913238AAA}.Release|Any CPU.ActiveCfg = Release|Any CPU
		{6EB118D3-399A-4F08-A7BA-250913238AAA}.Release|Any CPU.Build.0 = Release|Any CPU
	EndGlobalSection
	GlobalSection(SolutionProperties) = preSolution
		HideSolutionNode = FALSE
	EndGlobalSection
	GlobalSection(ExtensibilityGlobals) = postSolution
		SolutionGuid = {AAE910D9-6BDC-4266-B02A-812DAE93C951}
	EndGlobalSection
EndGlobal
